// !$*UTF8*$!
{
	archiveVersion = 1;
	classes = {
	};
	objectVersion = 51;
	objects = {

/* Begin PBXBuildFile section */
		080C85C1255E5EDA00A0E732 /* getNotify.swift in Sources */ = {isa = PBXBuildFile; fileRef = 080C85C0255E5EDA00A0E732 /* getNotify.swift */; };
		081CABAE2554E4AA00A968B8 /* AppDelegate.swift in Sources */ = {isa = PBXBuildFile; fileRef = 081CABAD2554E4AA00A968B8 /* AppDelegate.swift */; };
		081CABB02554E4AA00A968B8 /* SceneDelegate.swift in Sources */ = {isa = PBXBuildFile; fileRef = 081CABAF2554E4AA00A968B8 /* SceneDelegate.swift */; };
		081CABB22554E4AA00A968B8 /* ViewController.swift in Sources */ = {isa = PBXBuildFile; fileRef = 081CABB12554E4AA00A968B8 /* ViewController.swift */; };
		081CABB52554E4AA00A968B8 /* Main.storyboard in Resources */ = {isa = PBXBuildFile; fileRef = 081CABB32554E4AA00A968B8 /* Main.storyboard */; };
		081CABB72554E4AB00A968B8 /* Assets.xcassets in Resources */ = {isa = PBXBuildFile; fileRef = 081CABB62554E4AB00A968B8 /* Assets.xcassets */; };
		081CABBA2554E4AB00A968B8 /* LaunchScreen.storyboard in Resources */ = {isa = PBXBuildFile; fileRef = 081CABB82554E4AB00A968B8 /* LaunchScreen.storyboard */; };
		081CABC925550A0100A968B8 /* Extension+UIimage.swift in Sources */ = {isa = PBXBuildFile; fileRef = 081CABC825550A0100A968B8 /* Extension+UIimage.swift */; };
		08AAE87C2558C9E000C356BE /* User.swift in Sources */ = {isa = PBXBuildFile; fileRef = 08AAE87B2558C9E000C356BE /* User.swift */; };
		08ADE6D125554C3900E88157 /* ForgetViewController.swift in Sources */ = {isa = PBXBuildFile; fileRef = 08ADE6CF25554C3900E88157 /* ForgetViewController.swift */; };
		08B24F1F255A4E3E00754E47 /* CustomCell.swift in Sources */ = {isa = PBXBuildFile; fileRef = 08B24F1D255A4E3E00754E47 /* CustomCell.swift */; };
		08FF3352256200AD0041EAE6 /* HomeViewController.swift in Sources */ = {isa = PBXBuildFile; fileRef = 08FF3351256200AD0041EAE6 /* HomeViewController.swift */; };
		1906847506188B60324C94D4 /* Pods_App_Notification.framework in Frameworks */ = {isa = PBXBuildFile; fileRef = E09641EA4F5FE40886854A50 /* Pods_App_Notification.framework */; };
/* End PBXBuildFile section */

/* Begin PBXFileReference section */
		080C85C0255E5EDA00A0E732 /* getNotify.swift */ = {isa = PBXFileReference; fileEncoding = 4; lastKnownFileType = sourcecode.swift; path = getNotify.swift; sourceTree = "<group>"; };
		081CABAA2554E4AA00A968B8 /* App Notification.app */ = {isa = PBXFileReference; explicitFileType = wrapper.application; includeInIndex = 0; path = "App Notification.app"; sourceTree = BUILT_PRODUCTS_DIR; };
		081CABAD2554E4AA00A968B8 /* AppDelegate.swift */ = {isa = PBXFileReference; lastKnownFileType = sourcecode.swift; path = AppDelegate.swift; sourceTree = "<group>"; };
		081CABAF2554E4AA00A968B8 /* SceneDelegate.swift */ = {isa = PBXFileReference; lastKnownFileType = sourcecode.swift; path = SceneDelegate.swift; sourceTree = "<group>"; };
		081CABB12554E4AA00A968B8 /* ViewController.swift */ = {isa = PBXFileReference; lastKnownFileType = sourcecode.swift; path = ViewController.swift; sourceTree = "<group>"; };
		081CABB42554E4AA00A968B8 /* Base */ = {isa = PBXFileReference; lastKnownFileType = file.storyboard; name = Base; path = Base.lproj/Main.storyboard; sourceTree = "<group>"; };
		081CABB62554E4AB00A968B8 /* Assets.xcassets */ = {isa = PBXFileReference; lastKnownFileType = folder.assetcatalog; path = Assets.xcassets; sourceTree = "<group>"; };
		081CABB92554E4AB00A968B8 /* Base */ = {isa = PBXFileReference; lastKnownFileType = file.storyboard; name = Base; path = Base.lproj/LaunchScreen.storyboard; sourceTree = "<group>"; };
		081CABBB2554E4AB00A968B8 /* Info.plist */ = {isa = PBXFileReference; lastKnownFileType = text.plist.xml; path = Info.plist; sourceTree = "<group>"; };
		081CABC825550A0100A968B8 /* Extension+UIimage.swift */ = {isa = PBXFileReference; lastKnownFileType = sourcecode.swift; path = "Extension+UIimage.swift"; sourceTree = "<group>"; };
		08AAE87B2558C9E000C356BE /* User.swift */ = {isa = PBXFileReference; lastKnownFileType = sourcecode.swift; path = User.swift; sourceTree = "<group>"; };
		08ADE6CF25554C3900E88157 /* ForgetViewController.swift */ = {isa = PBXFileReference; lastKnownFileType = sourcecode.swift; path = ForgetViewController.swift; sourceTree = "<group>"; };
		08B24F1D255A4E3E00754E47 /* CustomCell.swift */ = {isa = PBXFileReference; lastKnownFileType = sourcecode.swift; path = CustomCell.swift; sourceTree = "<group>"; };
		08FF3351256200AD0041EAE6 /* HomeViewController.swift */ = {isa = PBXFileReference; lastKnownFileType = sourcecode.swift; path = HomeViewController.swift; sourceTree = "<group>"; };
		658F7826F135D9F36BDA1199 /* Pods-App Notification.release.xcconfig */ = {isa = PBXFileReference; includeInIndex = 1; lastKnownFileType = text.xcconfig; name = "Pods-App Notification.release.xcconfig"; path = "Target Support Files/Pods-App Notification/Pods-App Notification.release.xcconfig"; sourceTree = "<group>"; };
		DCEE8A296EE3E78598B15F5B /* Pods-App Notification.debug.xcconfig */ = {isa = PBXFileReference; includeInIndex = 1; lastKnownFileType = text.xcconfig; name = "Pods-App Notification.debug.xcconfig"; path = "Target Support Files/Pods-App Notification/Pods-App Notification.debug.xcconfig"; sourceTree = "<group>"; };
		E09641EA4F5FE40886854A50 /* Pods_App_Notification.framework */ = {isa = PBXFileReference; explicitFileType = wrapper.framework; includeInIndex = 0; path = Pods_App_Notification.framework; sourceTree = BUILT_PRODUCTS_DIR; };
/* End PBXFileReference section */

/* Begin PBXFrameworksBuildPhase section */
		081CABA72554E4AA00A968B8 /* Frameworks */ = {
			isa = PBXFrameworksBuildPhase;
			buildActionMask = 2147483647;
			files = (
				1906847506188B60324C94D4 /* Pods_App_Notification.framework in Frameworks */,
			);
			runOnlyForDeploymentPostprocessing = 0;
		};
/* End PBXFrameworksBuildPhase section */

/* Begin PBXGroup section */
		0805CC7E25623C490013F99D /* MainController */ = {
			isa = PBXGroup;
			children = (
				081CABB12554E4AA00A968B8 /* ViewController.swift */,
			);
			path = MainController;
			sourceTree = "<group>";
		};
		081CABA12554E4AA00A968B8 = {
			isa = PBXGroup;
			children = (
				081CABAC2554E4AA00A968B8 /* App Notification */,
				081CABAB2554E4AA00A968B8 /* Products */,
				99AECBD125E15F42DA7BEBC5 /* Pods */,
				9D10BB2A0ED5132662F2EC45 /* Frameworks */,
			);
			sourceTree = "<group>";
		};
		081CABAB2554E4AA00A968B8 /* Products */ = {
			isa = PBXGroup;
			children = (
				081CABAA2554E4AA00A968B8 /* App Notification.app */,
			);
			name = Products;
			sourceTree = "<group>";
		};
		081CABAC2554E4AA00A968B8 /* App Notification */ = {
			isa = PBXGroup;
			children = (
				0805CC7E25623C490013F99D /* MainController */,
				08FF33462561FF4C0041EAE6 /* View */,
				08FF33442561FF400041EAE6 /* Pages */,
				081CABC52554E4C500A968B8 /* Model */,
				081CABAD2554E4AA00A968B8 /* AppDelegate.swift */,
				081CABAF2554E4AA00A968B8 /* SceneDelegate.swift */,
				081CABB32554E4AA00A968B8 /* Main.storyboard */,
				081CABB62554E4AB00A968B8 /* Assets.xcassets */,
				081CABB82554E4AB00A968B8 /* LaunchScreen.storyboard */,
				081CABBB2554E4AB00A968B8 /* Info.plist */,
			);
			path = "App Notification";
			sourceTree = "<group>";
		};
		081CABC52554E4C500A968B8 /* Model */ = {
			isa = PBXGroup;
			children = (
				081CABC825550A0100A968B8 /* Extension+UIimage.swift */,
				08AAE87B2558C9E000C356BE /* User.swift */,
				080C85C0255E5EDA00A0E732 /* getNotify.swift */,
			);
			path = Model;
			sourceTree = "<group>";
		};
		08FF33442561FF400041EAE6 /* Pages */ = {
			isa = PBXGroup;
			children = (
				08FF3351256200AD0041EAE6 /* HomeViewController.swift */,
				08ADE6CF25554C3900E88157 /* ForgetViewController.swift */,
			);
			path = Pages;
			sourceTree = "<group>";
		};
		08FF33462561FF4C0041EAE6 /* View */ = {
			isa = PBXGroup;
			children = (
				08B24F1D255A4E3E00754E47 /* CustomCell.swift */,
			);
			path = View;
			sourceTree = "<group>";
		};
		99AECBD125E15F42DA7BEBC5 /* Pods */ = {
			isa = PBXGroup;
			children = (
				DCEE8A296EE3E78598B15F5B /* Pods-App Notification.debug.xcconfig */,
				658F7826F135D9F36BDA1199 /* Pods-App Notification.release.xcconfig */,
			);
			path = Pods;
			sourceTree = "<group>";
		};
		9D10BB2A0ED5132662F2EC45 /* Frameworks */ = {
			isa = PBXGroup;
			children = (
				E09641EA4F5FE40886854A50 /* Pods_App_Notification.framework */,
			);
			name = Frameworks;
			sourceTree = "<group>";
		};
/* End PBXGroup section */

/* Begin PBXNativeTarget section */
		081CABA92554E4AA00A968B8 /* App Notification */ = {
			isa = PBXNativeTarget;
			buildConfigurationList = 081CABBE2554E4AB00A968B8 /* Build configuration list for PBXNativeTarget "App Notification" */;
			buildPhases = (
				D4C36F9171DDE5EE7D75F485 /* [CP] Check Pods Manifest.lock */,
				081CABA62554E4AA00A968B8 /* Sources */,
				081CABA72554E4AA00A968B8 /* Frameworks */,
				081CABA82554E4AA00A968B8 /* Resources */,
				77FA80F41A0E96EBFF69A668 /* [CP] Embed Pods Frameworks */,
			);
			buildRules = (
			);
			dependencies = (
			);
			name = "App Notification";
			productName = "App Notification";
			productReference = 081CABAA2554E4AA00A968B8 /* App Notification.app */;
			productType = "com.apple.product-type.application";
		};
/* End PBXNativeTarget section */

/* Begin PBXProject section */
		081CABA22554E4AA00A968B8 /* Project object */ = {
			isa = PBXProject;
			attributes = {
				LastSwiftUpdateCheck = 1210;
				LastUpgradeCheck = 1210;
				TargetAttributes = {
					081CABA92554E4AA00A968B8 = {
						CreatedOnToolsVersion = 12.1;
					};
				};
			};
			buildConfigurationList = 081CABA52554E4AA00A968B8 /* Build configuration list for PBXProject "App Notification" */;
			compatibilityVersion = "Xcode 9.3";
			developmentRegion = en;
			hasScannedForEncodings = 0;
			knownRegions = (
				en,
				Base,
			);
			mainGroup = 081CABA12554E4AA00A968B8;
			productRefGroup = 081CABAB2554E4AA00A968B8 /* Products */;
			projectDirPath = "";
			projectRoot = "";
			targets = (
				081CABA92554E4AA00A968B8 /* App Notification */,
			);
		};
/* End PBXProject section */

/* Begin PBXResourcesBuildPhase section */
		081CABA82554E4AA00A968B8 /* Resources */ = {
			isa = PBXResourcesBuildPhase;
			buildActionMask = 2147483647;
			files = (
				081CABBA2554E4AB00A968B8 /* LaunchScreen.storyboard in Resources */,
				081CABB72554E4AB00A968B8 /* Assets.xcassets in Resources */,
				081CABB52554E4AA00A968B8 /* Main.storyboard in Resources */,
			);
			runOnlyForDeploymentPostprocessing = 0;
		};
/* End PBXResourcesBuildPhase section */

/* Begin PBXShellScriptBuildPhase section */
		77FA80F41A0E96EBFF69A668 /* [CP] Embed Pods Frameworks */ = {
			isa = PBXShellScriptBuildPhase;
			buildActionMask = 2147483647;
			files = (
			);
			inputFileListPaths = (
				"${PODS_ROOT}/Target Support Files/Pods-App Notification/Pods-App Notification-frameworks-${CONFIGURATION}-input-files.xcfilelist",
			);
			name = "[CP] Embed Pods Frameworks";
			outputFileListPaths = (
				"${PODS_ROOT}/Target Support Files/Pods-App Notification/Pods-App Notification-frameworks-${CONFIGURATION}-output-files.xcfilelist",
			);
			runOnlyForDeploymentPostprocessing = 0;
			shellPath = /bin/sh;
			shellScript = "\"${PODS_ROOT}/Target Support Files/Pods-App Notification/Pods-App Notification-frameworks.sh\"\n";
			showEnvVarsInLog = 0;
		};
		D4C36F9171DDE5EE7D75F485 /* [CP] Check Pods Manifest.lock */ = {
			isa = PBXShellScriptBuildPhase;
			buildActionMask = 2147483647;
			files = (
			);
			inputFileListPaths = (
			);
			inputPaths = (
				"${PODS_PODFILE_DIR_PATH}/Podfile.lock",
				"${PODS_ROOT}/Manifest.lock",
			);
			name = "[CP] Check Pods Manifest.lock";
			outputFileListPaths = (
			);
			outputPaths = (
				"$(DERIVED_FILE_DIR)/Pods-App Notification-checkManifestLockResult.txt",
			);
			runOnlyForDeploymentPostprocessing = 0;
			shellPath = /bin/sh;
			shellScript = "diff \"${PODS_PODFILE_DIR_PATH}/Podfile.lock\" \"${PODS_ROOT}/Manifest.lock\" > /dev/null\nif [ $? != 0 ] ; then\n    # print error to STDERR\n    echo \"error: The sandbox is not in sync with the Podfile.lock. Run 'pod install' or update your CocoaPods installation.\" >&2\n    exit 1\nfi\n# This output is used by Xcode 'outputs' to avoid re-running this script phase.\necho \"SUCCESS\" > \"${SCRIPT_OUTPUT_FILE_0}\"\n";
			showEnvVarsInLog = 0;
		};
/* End PBXShellScriptBuildPhase section */

/* Begin PBXSourcesBuildPhase section */
		081CABA62554E4AA00A968B8 /* Sources */ = {
			isa = PBXSourcesBuildPhase;
			buildActionMask = 2147483647;
			files = (
				081CABB22554E4AA00A968B8 /* ViewController.swift in Sources */,
				081CABC925550A0100A968B8 /* Extension+UIimage.swift in Sources */,
				08B24F1F255A4E3E00754E47 /* CustomCell.swift in Sources */,
				08AAE87C2558C9E000C356BE /* User.swift in Sources */,
				08ADE6D125554C3900E88157 /* ForgetViewController.swift in Sources */,
				081CABAE2554E4AA00A968B8 /* AppDelegate.swift in Sources */,
				081CABB02554E4AA00A968B8 /* SceneDelegate.swift in Sources */,
				080C85C1255E5EDA00A0E732 /* getNotify.swift in Sources */,
				08FF3352256200AD0041EAE6 /* HomeViewController.swift in Sources */,
			);
			runOnlyForDeploymentPostprocessing = 0;
		};
/* End PBXSourcesBuildPhase section */

/* Begin PBXVariantGroup section */
		081CABB32554E4AA00A968B8 /* Main.storyboard */ = {
			isa = PBXVariantGroup;
			children = (
				081CABB42554E4AA00A968B8 /* Base */,
			);
			name = Main.storyboard;
			sourceTree = "<group>";
		};
		081CABB82554E4AB00A968B8 /* LaunchScreen.storyboard */ = {
			isa = PBXVariantGroup;
			children = (
				081CABB92554E4AB00A968B8 /* Base */,
			);
			name = LaunchScreen.storyboard;
			sourceTree = "<group>";
		};
/* End PBXVariantGroup section */

/* Begin XCBuildConfiguration section */
		081CABBC2554E4AB00A968B8 /* Debug */ = {
			isa = XCBuildConfiguration;
			buildSettings = {
				ALWAYS_SEARCH_USER_PATHS = NO;
				CLANG_ANALYZER_NONNULL = YES;
				CLANG_ANALYZER_NUMBER_OBJECT_CONVERSION = YES_AGGRESSIVE;
				CLANG_CXX_LANGUAGE_STANDARD = "gnu++14";
				CLANG_CXX_LIBRARY = "libc++";
				CLANG_ENABLE_MODULES = YES;
				CLANG_ENABLE_OBJC_ARC = YES;
				CLANG_ENABLE_OBJC_WEAK = YES;
				CLANG_WARN_BLOCK_CAPTURE_AUTORELEASING = YES;
				CLANG_WARN_BOOL_CONVERSION = YES;
				CLANG_WARN_COMMA = YES;
				CLANG_WARN_CONSTANT_CONVERSION = YES;
				CLANG_WARN_DEPRECATED_OBJC_IMPLEMENTATIONS = YES;
				CLANG_WARN_DIRECT_OBJC_ISA_USAGE = YES_ERROR;
				CLANG_WARN_DOCUMENTATION_COMMENTS = YES;
				CLANG_WARN_EMPTY_BODY = YES;
				CLANG_WARN_ENUM_CONVERSION = YES;
				CLANG_WARN_INFINITE_RECURSION = YES;
				CLANG_WARN_INT_CONVERSION = YES;
				CLANG_WARN_NON_LITERAL_NULL_CONVERSION = YES;
				CLANG_WARN_OBJC_IMPLICIT_RETAIN_SELF = YES;
				CLANG_WARN_OBJC_LITERAL_CONVERSION = YES;
				CLANG_WARN_OBJC_ROOT_CLASS = YES_ERROR;
				CLANG_WARN_QUOTED_INCLUDE_IN_FRAMEWORK_HEADER = YES;
				CLANG_WARN_RANGE_LOOP_ANALYSIS = YES;
				CLANG_WARN_STRICT_PROTOTYPES = YES;
				CLANG_WARN_SUSPICIOUS_MOVE = YES;
				CLANG_WARN_UNGUARDED_AVAILABILITY = YES_AGGRESSIVE;
				CLANG_WARN_UNREACHABLE_CODE = YES;
				CLANG_WARN__DUPLICATE_METHOD_MATCH = YES;
				COPY_PHASE_STRIP = NO;
				DEBUG_INFORMATION_FORMAT = dwarf;
				ENABLE_STRICT_OBJC_MSGSEND = YES;
				ENABLE_TESTABILITY = YES;
				GCC_C_LANGUAGE_STANDARD = gnu11;
				GCC_DYNAMIC_NO_PIC = NO;
				GCC_NO_COMMON_BLOCKS = YES;
				GCC_OPTIMIZATION_LEVEL = 0;
				GCC_PREPROCESSOR_DEFINITIONS = (
					"DEBUG=1",
					"$(inherited)",
				);
				GCC_WARN_64_TO_32_BIT_CONVERSION = YES;
				GCC_WARN_ABOUT_RETURN_TYPE = YES_ERROR;
				GCC_WARN_UNDECLARED_SELECTOR = YES;
				GCC_WARN_UNINITIALIZED_AUTOS = YES_AGGRESSIVE;
				GCC_WARN_UNUSED_FUNCTION = YES;
				GCC_WARN_UNUSED_VARIABLE = YES;
				IPHONEOS_DEPLOYMENT_TARGET = 14.1;
				MTL_ENABLE_DEBUG_INFO = INCLUDE_SOURCE;
				MTL_FAST_MATH = YES;
				ONLY_ACTIVE_ARCH = YES;
				SDKROOT = iphoneos;
				SWIFT_ACTIVE_COMPILATION_CONDITIONS = DEBUG;
				SWIFT_OPTIMIZATION_LEVEL = "-Onone";
			};
			name = Debug;
		};
		081CABBD2554E4AB00A968B8 /* Release */ = {
			isa = XCBuildConfiguration;
			buildSettings = {
				ALWAYS_SEARCH_USER_PATHS = NO;
				CLANG_ANALYZER_NONNULL = YES;
				CLANG_ANALYZER_NUMBER_OBJECT_CONVERSION = YES_AGGRESSIVE;
				CLANG_CXX_LANGUAGE_STANDARD = "gnu++14";
				CLANG_CXX_LIBRARY = "libc++";
				CLANG_ENABLE_MODULES = YES;
				CLANG_ENABLE_OBJC_ARC = YES;
				CLANG_ENABLE_OBJC_WEAK = YES;
				CLANG_WARN_BLOCK_CAPTURE_AUTORELEASING = YES;
				CLANG_WARN_BOOL_CONVERSION = YES;
				CLANG_WARN_COMMA = YES;
				CLANG_WARN_CONSTANT_CONVERSION = YES;
				CLANG_WARN_DEPRECATED_OBJC_IMPLEMENTATIONS = YES;
				CLANG_WARN_DIRECT_OBJC_ISA_USAGE = YES_ERROR;
				CLANG_WARN_DOCUMENTATION_COMMENTS = YES;
				CLANG_WARN_EMPTY_BODY = YES;
				CLANG_WARN_ENUM_CONVERSION = YES;
				CLANG_WARN_INFINITE_RECURSION = YES;
				CLANG_WARN_INT_CONVERSION = YES;
				CLANG_WARN_NON_LITERAL_NULL_CONVERSION = YES;
				CLANG_WARN_OBJC_IMPLICIT_RETAIN_SELF = YES;
				CLANG_WARN_OBJC_LITERAL_CONVERSION = YES;
				CLANG_WARN_OBJC_ROOT_CLASS = YES_ERROR;
				CLANG_WARN_QUOTED_INCLUDE_IN_FRAMEWORK_HEADER = YES;
				CLANG_WARN_RANGE_LOOP_ANALYSIS = YES;
				CLANG_WARN_STRICT_PROTOTYPES = YES;
				CLANG_WARN_SUSPICIOUS_MOVE = YES;
				CLANG_WARN_UNGUARDED_AVAILABILITY = YES_AGGRESSIVE;
				CLANG_WARN_UNREACHABLE_CODE = YES;
				CLANG_WARN__DUPLICATE_METHOD_MATCH = YES;
				COPY_PHASE_STRIP = NO;
				DEBUG_INFORMATION_FORMAT = "dwarf-with-dsym";
				ENABLE_NS_ASSERTIONS = NO;
				ENABLE_STRICT_OBJC_MSGSEND = YES;
				GCC_C_LANGUAGE_STANDARD = gnu11;
				GCC_NO_COMMON_BLOCKS = YES;
				GCC_WARN_64_TO_32_BIT_CONVERSION = YES;
				GCC_WARN_ABOUT_RETURN_TYPE = YES_ERROR;
				GCC_WARN_UNDECLARED_SELECTOR = YES;
				GCC_WARN_UNINITIALIZED_AUTOS = YES_AGGRESSIVE;
				GCC_WARN_UNUSED_FUNCTION = YES;
				GCC_WARN_UNUSED_VARIABLE = YES;
				IPHONEOS_DEPLOYMENT_TARGET = 14.1;
				MTL_ENABLE_DEBUG_INFO = NO;
				MTL_FAST_MATH = YES;
				SDKROOT = iphoneos;
				SWIFT_COMPILATION_MODE = wholemodule;
				SWIFT_OPTIMIZATION_LEVEL = "-O";
				VALIDATE_PRODUCT = YES;
			};
			name = Release;
		};
		081CABBF2554E4AB00A968B8 /* Debug */ = {
			isa = XCBuildConfiguration;
			baseConfigurationReference = DCEE8A296EE3E78598B15F5B /* Pods-App Notification.debug.xcconfig */;
			buildSettings = {
				ASSETCATALOG_COMPILER_APPICON_NAME = AppIcon;
				ASSETCATALOG_COMPILER_GLOBAL_ACCENT_COLOR_NAME = AccentColor;
				CODE_SIGN_STYLE = Automatic;
				DEVELOPMENT_TEAM = 67CZR85ZG3;
				INFOPLIST_FILE = "App Notification/Info.plist";
				LD_RUNPATH_SEARCH_PATHS = (
					"$(inherited)",
					"@executable_path/Frameworks",
				);
				PRODUCT_BUNDLE_IDENTIFIER = "namdoan.App-Notification";
				PRODUCT_NAME = "$(TARGET_NAME)";
				SWIFT_VERSION = 5.0;
				TARGETED_DEVICE_FAMILY = "1,2";
			};
			name = Debug;
		};
		081CABC02554E4AB00A968B8 /* Release */ = {
			isa = XCBuildConfiguration;
			baseConfigurationReference = 658F7826F135D9F36BDA1199 /* Pods-App Notification.release.xcconfig */;
			buildSettings = {
				ASSETCATALOG_COMPILER_APPICON_NAME = AppIcon;
				ASSETCATALOG_COMPILER_GLOBAL_ACCENT_COLOR_NAME = AccentColor;
				CODE_SIGN_STYLE = Automatic;
				DEVELOPMENT_TEAM = 67CZR85ZG3;
				INFOPLIST_FILE = "App Notification/Info.plist";
				LD_RUNPATH_SEARCH_PATHS = (
					"$(inherited)",
					"@executable_path/Frameworks",
				);
				PRODUCT_BUNDLE_IDENTIFIER = "namdoan.App-Notification";
				PRODUCT_NAME = "$(TARGET_NAME)";
				SWIFT_VERSION = 5.0;
				TARGETED_DEVICE_FAMILY = "1,2";
			};
			name = Release;
		};
/* End XCBuildConfiguration section */

/* Begin XCConfigurationList section */
		081CABA52554E4AA00A968B8 /* Build configuration list for PBXProject "App Notification" */ = {
			isa = XCConfigurationList;
			buildConfigurations = (
				081CABBC2554E4AB00A968B8 /* Debug */,
				081CABBD2554E4AB00A968B8 /* Release */,
			);
			defaultConfigurationIsVisible = 0;
			defaultConfigurationName = Release;
		};
		081CABBE2554E4AB00A968B8 /* Build configuration list for PBXNativeTarget "App Notification" */ = {
			isa = XCConfigurationList;
			buildConfigurations = (
				081CABBF2554E4AB00A968B8 /* Debug */,
				081CABC02554E4AB00A968B8 /* Release */,
			);
			defaultConfigurationIsVisible = 0;
			defaultConfigurationName = Release;
		};
/* End XCConfigurationList section */
	};
	rootObject = 081CABA22554E4AA00A968B8 /* Project object */;
}
