PODS:
  - Alamofire (5.3.0)
  - SwiftyJSON (5.0.0)

DEPENDENCIES:
  - Alamofire
  - SwiftyJSON

SPEC REPOS:
  trunk:
    - Alamofire
    - SwiftyJSON

SPEC CHECKSUMS:
  Alamofire: 2c792affbdc2f18016e08fdbcacd60aebe1ba593
  SwiftyJSON: 36413e04c44ee145039d332b4f4e2d3e8d6c4db7

PODFILE CHECKSUM: b1cd9486a40e9e4c4b5afcb01072e97618b298c0

COCOAPODS: 1.10.0
