PODS:
  - Alamofire (5.4.0)
  - JGProgressHUD (2.2)
  - KeychainAccess (4.2.1)
  - Kingfisher/Core (5.15.7)
  - Kingfisher/SwiftUI (5.15.7):
    - Kingfisher/Core
  - SwiftyJSON (5.0.0)
  - TransitionButton (0.5.3)

DEPENDENCIES:
  - Alamofire
  - JGProgressHUD
  - KeychainAccess
  - Kingfisher/SwiftUI
  - SwiftyJSON
  - TransitionButton

SPEC REPOS:
  trunk:
    - Alamofire
    - JGProgressHUD
    - KeychainAccess
    - Kingfisher
    - SwiftyJSON
    - TransitionButton

SPEC CHECKSUMS:
  Alamofire: 3b6a534a3df22db367e4dedeeca73d1ddfcf0e2f
  JGProgressHUD: d83d7a981b85d11205e19ff8ad5bb9c40571c847
  KeychainAccess: 9b07f665298d13c3a85881bd3171f6f49b8151c1
  Kingfisher: 6e1a13523fcb1c86924ce53affe4ac957e544d59
  SwiftyJSON: 36413e04c44ee145039d332b4f4e2d3e8d6c4db7
  TransitionButton: 36283346e17c64775a1b3bc3a7a72940a367de1f

PODFILE CHECKSUM: c4ede9f3f652bb140ca303ad71d10bb22b5c3d7d

COCOAPODS: 1.10.0
